
Microsoft Visual Studio Solution File, Format Version 12.00
Project("{FAE04EC0-301F-11D3-BF4B-00C04F79EFBC}") = "BBalanceManager", "BBalanceManager\BBalanceManager.csproj", "{C975FEDC-E86D-4AD1-975E-46E637ECA7C5}"
EndProject
Global
	GlobalSection(SolutionConfigurationPlatforms) = preSolution
		Debug|Any CPU = Debug|Any CPU
		Release|Any CPU = Release|Any CPU
	EndGlobalSection
	GlobalSection(ProjectConfigurationPlatforms) = postSolution
		{C975FEDC-E86D-4AD1-975E-46E637ECA7C5}.Debug|Any CPU.ActiveCfg = Debug|Any CPU
		{C975FEDC-E86D-4AD1-975E-46E637ECA7C5}.Debug|Any CPU.Build.0 = Debug|Any CPU
		{C975FEDC-E86D-4AD1-975E-46E637ECA7C5}.Release|Any CPU.ActiveCfg = Release|Any CPU
		{C975FEDC-E86D-4AD1-975E-46E637ECA7C5}.Release|Any CPU.Build.0 = Release|Any CPU
	EndGlobalSection
EndGlobal
